PODS:
  - Differentiator (5.0.0)
  - Hue (5.0.0)
  - "NSObject+Rx (5.2.2)":
    - RxSwift (~> 6.2)
  - RxAlertViewable (1.1):
    - RxCocoa (~> 6)
    - RxSwift (~> 6)
  - RxAnimated (0.9.0):
    - RxAnimated/Core (= 0.9.0)
    - RxCocoa (~> 6.0)
    - RxSwift (~> 6.0)
  - RxAnimated/Core (0.9.0):
    - RxCocoa (~> 6.0)
    - RxSwift (~> 6.0)
  - RxAppState (1.7.1):
    - RxCocoa (~> 6.2)
    - RxSwift (~> 6.2)
  - RxBinding (0.5):
    - RxCocoa (~> 6)
    - RxSwift (~> 6)
  - RxCocoa (6.2.0):
    - RxRelay (= 6.2.0)
    - RxSwift (= 6.2.0)
  - RxDataSources (5.0.0):
    - Differentiator (~> 5.0)
    - RxCocoa (~> 6.0)
    - RxSwift (~> 6.0)
  - RxFlow (2.12.2):
    - RxCocoa (>= 6.0.0)
    - RxSwift (>= 6.0.0)
  - RxGesture (4.0.2):
    - RxCocoa (~> 6.0)
    - RxSwift (~> 6.0)
  - RxKeyboard (2.0.0):
    - RxCocoa (~> 6.0)
    - RxSwift (~> 6.0)
  - RxOptional (5.0.2):
    - RxCocoa (~> 6.0)
    - RxSwift (~> 6.0)
  - RxRelay (6.2.0):
    - RxSwift (= 6.2.0)
  - RxSwift (6.2.0)
  - RxSwiftExt (6.0.1):
    - RxSwiftExt/Core (= 6.0.1)
    - RxSwiftExt/RxCocoa (= 6.0.1)
  - RxSwiftExt/Core (6.0.1):
    - RxSwift (~> 6.0)
  - RxSwiftExt/RxCocoa (6.0.1):
    - RxCocoa (~> 6.0)
    - RxSwiftExt/Core
  - RxUIAlert (1.4.1):
    - RxCocoa
    - RxSwift
  - RxViewController (2.0.0):
    - RxCocoa (~> 6.0)
    - RxSwift (~> 6.0)
  - SnapKit (5.0.1)
  - SwiftDate (6.3.1)
  - SwifterSwift (5.2.0):
    - SwifterSwift/AppKit (= 5.2.0)
    - SwifterSwift/CoreAnimation (= 5.2.0)
    - SwifterSwift/CoreGraphics (= 5.2.0)
    - SwifterSwift/CoreLocation (= 5.2.0)
    - SwifterSwift/Dispatch (= 5.2.0)
    - SwifterSwift/Foundation (= 5.2.0)
    - SwifterSwift/MapKit (= 5.2.0)
    - SwifterSwift/SceneKit (= 5.2.0)
    - SwifterSwift/SpriteKit (= 5.2.0)
    - SwifterSwift/StoreKit (= 5.2.0)
    - SwifterSwift/SwiftStdlib (= 5.2.0)
    - SwifterSwift/UIKit (= 5.2.0)
  - SwifterSwift/AppKit (5.2.0)
  - SwifterSwift/CoreAnimation (5.2.0)
  - SwifterSwift/CoreGraphics (5.2.0)
  - SwifterSwift/CoreLocation (5.2.0)
  - SwifterSwift/Dispatch (5.2.0)
  - SwifterSwift/Foundation (5.2.0)
  - SwifterSwift/MapKit (5.2.0)
  - SwifterSwift/SceneKit (5.2.0)
  - SwifterSwift/SpriteKit (5.2.0)
  - SwifterSwift/StoreKit (5.2.0)
  - SwifterSwift/SwiftStdlib (5.2.0)
  - SwifterSwift/UIKit (5.2.0)
  - SwiftyJSON (5.0.1)
  - Then (2.7.0)

DEPENDENCIES:
  - Hue (~> 5.0.0)
  - "NSObject+Rx (from `https://github.com/RxSwiftCommunity/NSObject-Rx.git`, tag `5.2.2`)"
  - RxAlertViewable (from `https://github.com/lm2343635/RxAlertViewable.git`, tag `1.1`)
  - RxAnimated (from `https://github.com/RxSwiftCommunity/RxAnimated.git`, tag `0.9.0`)
  - RxAppState
  - RxBinding (from `https://github.com/RxSwiftCommunity/RxBinding.git`, tag `0.5`)
  - RxCocoa (from `https://github.com/ReactiveX/RxSwift.git`, tag `6.2.0`)
  - RxDataSources (from `https://github.com/RxSwiftCommunity/RxDataSources.git`, tag `5.0.0`)
  - RxFlow (from `https://github.com/RxSwiftCommunity/RxFlow.git`, tag `2.12.2`)
  - RxGesture (from `https://github.com/RxSwiftCommunity/RxGesture.git`, tag `4.0.2`)
  - RxKeyboard (from `https://github.com/RxSwiftCommunity/RxKeyboard`, tag `2.0.0`)
  - RxOptional (from `https://github.com/RxSwiftCommunity/RxOptional.git`, tag `v5.0.3`)
  - RxSwift (from `https://github.com/ReactiveX/RxSwift.git`, tag `6.2.0`)
  - RxSwiftExt (from `https://github.com/RxSwiftCommunity/RxSwiftExt.git`, tag `6.0.1`)
  - RxUIAlert (from `https://github.com/RxSwiftCommunity/RxAlert.git`, tag `1.4.1`)
  - RxViewController (from `https://github.com/devxoul/RxViewController.git`, tag `2.0.0`)
  - SnapKit (~> 5.0.1)
  - SwiftDate (~> 6.3.1)
  - SwifterSwift (~> 5.2.0)
  - SwiftyJSON (~> 5.0.1)
  - Then (~> 2.7.0)

SPEC REPOS:
  trunk:
    - Differentiator
    - Hue
    - RxAppState
    - RxRelay
    - SnapKit
    - SwiftDate
    - SwifterSwift
    - SwiftyJSON
    - Then

EXTERNAL SOURCES:
  "NSObject+Rx":
    :git: https://github.com/RxSwiftCommunity/NSObject-Rx.git
    :tag: 5.2.2
  RxAlertViewable:
    :git: https://github.com/lm2343635/RxAlertViewable.git
    :tag: '1.1'
  RxAnimated:
    :git: https://github.com/RxSwiftCommunity/RxAnimated.git
    :tag: 0.9.0
  RxBinding:
    :git: https://github.com/RxSwiftCommunity/RxBinding.git
    :tag: '0.5'
  RxCocoa:
    :git: https://github.com/ReactiveX/RxSwift.git
    :tag: 6.2.0
  RxDataSources:
    :git: https://github.com/RxSwiftCommunity/RxDataSources.git
    :tag: 5.0.0
  RxFlow:
    :git: https://github.com/RxSwiftCommunity/RxFlow.git
    :tag: 2.12.2
  RxGesture:
    :git: https://github.com/RxSwiftCommunity/RxGesture.git
    :tag: 4.0.2
  RxKeyboard:
    :git: https://github.com/RxSwiftCommunity/RxKeyboard
    :tag: 2.0.0
  RxOptional:
    :git: https://github.com/RxSwiftCommunity/RxOptional.git
    :tag: v5.0.3
  RxSwift:
    :git: https://github.com/ReactiveX/RxSwift.git
    :tag: 6.2.0
  RxSwiftExt:
    :git: https://github.com/RxSwiftCommunity/RxSwiftExt.git
    :tag: 6.0.1
  RxUIAlert:
    :git: https://github.com/RxSwiftCommunity/RxAlert.git
    :tag: 1.4.1
  RxViewController:
    :git: https://github.com/devxoul/RxViewController.git
    :tag: 2.0.0

CHECKOUT OPTIONS:
  "NSObject+Rx":
    :git: https://github.com/RxSwiftCommunity/NSObject-Rx.git
    :tag: 5.2.2
  RxAlertViewable:
    :git: https://github.com/lm2343635/RxAlertViewable.git
    :tag: '1.1'
  RxAnimated:
    :git: https://github.com/RxSwiftCommunity/RxAnimated.git
    :tag: 0.9.0
  RxBinding:
    :git: https://github.com/RxSwiftCommunity/RxBinding.git
    :tag: '0.5'
  RxCocoa:
    :git: https://github.com/ReactiveX/RxSwift.git
    :tag: 6.2.0
  RxDataSources:
    :git: https://github.com/RxSwiftCommunity/RxDataSources.git
    :tag: 5.0.0
  RxFlow:
    :git: https://github.com/RxSwiftCommunity/RxFlow.git
    :tag: 2.12.2
  RxGesture:
    :git: https://github.com/RxSwiftCommunity/RxGesture.git
    :tag: 4.0.2
  RxKeyboard:
    :git: https://github.com/RxSwiftCommunity/RxKeyboard
    :tag: 2.0.0
  RxOptional:
    :git: https://github.com/RxSwiftCommunity/RxOptional.git
    :tag: v5.0.3
  RxSwift:
    :git: https://github.com/ReactiveX/RxSwift.git
    :tag: 6.2.0
  RxSwiftExt:
    :git: https://github.com/RxSwiftCommunity/RxSwiftExt.git
    :tag: 6.0.1
  RxUIAlert:
    :git: https://github.com/RxSwiftCommunity/RxAlert.git
    :tag: 1.4.1
  RxViewController:
    :git: https://github.com/devxoul/RxViewController.git
    :tag: 2.0.0

SPEC CHECKSUMS:
  Differentiator: e8497ceab83c1b10ca233716d547b9af21b9344d
  Hue: c129cb67be7d093a82bbbc30ce8a96757bf6f37a
  "NSObject+Rx": 61cf1f7306a73dcef8b36649198af0813ec18dfd
  RxAlertViewable: 4657f4a51b8a6fa5dd8c7a7ed5e08ac63398b8b4
  RxAnimated: e53fb66cafc0539faf881b734f7412a624527f0a
  RxAppState: 9c34f951d4ff8b9034f84016fe766202365bceb2
  RxBinding: e3c76d02d0ee3f1a306a0fb8e8ef6f2eda65a375
  RxCocoa: 4baf94bb35f2c0ab31bc0cb9f1900155f646ba42
  RxDataSources: aa47cc1ed6c500fa0dfecac5c979b723542d79cf
  RxFlow: fa434215aca391d10d4d5048c0a035c9502b3666
  RxGesture: f059f2aeef966fb17dad56ee440e76410f10e55f
  RxKeyboard: 4f5863f43b4ff0cbb2a20b94688d6b80c8a43c14
  RxOptional: 3664964c96b69dd20c9cf78bdfe546615e26eca8
  RxRelay: e72dbfd157807478401ef1982e1c61c945c94b2f
  RxSwift: d356ab7bee873611322f134c5f9ef379fa183d8f
  RxSwiftExt: d61c4b9b06e0a448041b1c659e0f1b5c5a035afc
  RxUIAlert: fa9ca44ddd114791a394a14443e40c26127dc049
  RxViewController: 56486fa0afd629a1d6b5ba077f3b8cd9dc31b5d2
  SnapKit: 97b92857e3df3a0c71833cce143274bf6ef8e5eb
  SwiftDate: 72d28954e8e1c6c1c0f917ccc8005e4f83c7d4b2
  SwifterSwift: 334181863c416882d97b7a60c05054d9e4d799e2
  SwiftyJSON: 2f33a42c6fbc52764d96f13368585094bfd8aa5e
  Then: acfe0be7e98221c6204e12f8161459606d5d822d

PODFILE CHECKSUM: dadd4921314c65f9034e0a784492c1cfcfdba513

COCOAPODS: 1.10.2
